<?xml version="1.0" encoding="utf-8"?>
<Project ToolsVersion="4.0" xmlns="http://schemas.microsoft.com/developer/msbuild/2003">
  <ItemGroup>
    <Filter Include="Main">
      <UniqueIdentifier>{4FC737F1-C7A5-4376-A066-2A32D752A2FF}</UniqueIdentifier>
      <Extensions>cpp;c;cc;cxx;c++;cppm;ixx;def;odl;idl;hpj;bat;asm;asmx</Extensions>
    </Filter>
    <Filter Include="Manager">
      <UniqueIdentifier>{c2e7fef9-d4bd-4540-a4c5-020135ce4aa5}</UniqueIdentifier>
    </Filter>
    <Filter Include="Component">
      <UniqueIdentifier>{23ac9234-6dc9-4e1a-88b2-a6381b9b8432}</UniqueIdentifier>
    </Filter>
    <Filter Include="Level">
      <UniqueIdentifier>{d1165c6d-72e4-435e-a089-a9d3e10acffd}</UniqueIdentifier>
    </Filter>
    <Filter Include="Core">
      <UniqueIdentifier>{b509b9e2-1053-4a48-bb83-01f763f0915c}</UniqueIdentifier>
    </Filter>
    <Filter Include="Core\Application">
      <UniqueIdentifier>{d781e1cc-366b-4980-9f7b-1b0ae4ce02cb}</UniqueIdentifier>
    </Filter>
    <Filter Include="Core\Windows">
      <UniqueIdentifier>{760ca5a3-c136-4192-a2ae-14a6a055bf05}</UniqueIdentifier>
    </Filter>
    <Filter Include="Graphics">
      <UniqueIdentifier>{b21b48ee-8f3b-4e00-a2ba-5d48a1e1124a}</UniqueIdentifier>
    </Filter>
    <Filter Include="Header">
      <UniqueIdentifier>{0d18973e-a9d0-4f85-b7a2-7673dcdbfd1c}</UniqueIdentifier>
    </Filter>
    <Filter Include="Manager\ModelManager">
      <UniqueIdentifier>{28ee09eb-65bf-40c8-840a-e307a9d5783f}</UniqueIdentifier>
    </Filter>
    <Filter Include="Graphics\Shader">
      <UniqueIdentifier>{d085d119-f12c-460c-96e8-04e4545c1bd7}</UniqueIdentifier>
    </Filter>
    <Filter Include="Graphics\Model">
      <UniqueIdentifier>{27a2eff5-e25b-46ed-9cb3-caddefb62cee}</UniqueIdentifier>
    </Filter>
    <Filter Include="ShaderFiles">
      <UniqueIdentifier>{32b1dad4-3ed1-4c37-8291-aea93b51014d}</UniqueIdentifier>
    </Filter>
    <Filter Include="Manager\InputManager">
      <UniqueIdentifier>{8fdcf56e-a2af-40b3-8ab4-f1909a7947bf}</UniqueIdentifier>
    </Filter>
    <Filter Include="Manager\GameObjectManger">
      <UniqueIdentifier>{669aa80f-66f4-4366-b894-bf337f8275b8}</UniqueIdentifier>
    </Filter>
    <Filter Include="Manager\RenderManager">
      <UniqueIdentifier>{e0fb8169-714b-4440-a7d0-3d637da1d558}</UniqueIdentifier>
    </Filter>
    <Filter Include="Manager\ComponentManager">
      <UniqueIdentifier>{fb2c0ab0-259c-4e32-abc2-751929987b54}</UniqueIdentifier>
    </Filter>
    <Filter Include="Manager\GameStateManager">
      <UniqueIdentifier>{6ff7954a-8b1a-4367-aacb-1741f10064e1}</UniqueIdentifier>
    </Filter>
    <Filter Include="Level\Stage01">
      <UniqueIdentifier>{31eac67e-e6aa-4cf7-9480-c196fdaccb4f}</UniqueIdentifier>
    </Filter>
    <Filter Include="GameObject">
      <UniqueIdentifier>{4544a5c2-44ef-4d7f-b937-d610f9e90f49}</UniqueIdentifier>
    </Filter>
    <Filter Include="RTTI">
      <UniqueIdentifier>{246f045a-1112-4997-9ce8-97999511f5c9}</UniqueIdentifier>
    </Filter>
    <Filter Include="RTTI\Registry">
      <UniqueIdentifier>{9fafbefa-a4b0-43c5-b1c8-43534e5663fe}</UniqueIdentifier>
    </Filter>
    <Filter Include="Manager\Serializer">
      <UniqueIdentifier>{2582f953-aec7-42c0-b5f8-e471d8c782c6}</UniqueIdentifier>
    </Filter>
    <Filter Include="IMGUI">
      <UniqueIdentifier>{bf94b43f-7fc5-4eaf-90c2-ec0fb26928e5}</UniqueIdentifier>
    </Filter>
    <Filter Include="Editor">
      <UniqueIdentifier>{29d8193f-2fdc-480d-ba7b-93ac9b6839c7}</UniqueIdentifier>
    </Filter>
    <Filter Include="Editor\MainEditor">
      <UniqueIdentifier>{98aaa504-c853-49e4-92d1-457cc3784d22}</UniqueIdentifier>
    </Filter>
    <Filter Include="Util">
      <UniqueIdentifier>{e0b3c6f5-fc22-4903-a5f2-75402d20da88}</UniqueIdentifier>
    </Filter>
    <Filter Include="Util\GeometryUtil">
      <UniqueIdentifier>{83f453e6-1d0d-4c81-b82e-f680185930b8}</UniqueIdentifier>
    </Filter>
    <Filter Include="Util\MathUtil">
      <UniqueIdentifier>{10e265fe-b277-417a-bcbf-ae1e825bb35a}</UniqueIdentifier>
    </Filter>
    <Filter Include="Editor\Gizmo">
      <UniqueIdentifier>{c5f63a51-5495-4216-a871-da8bbf098a43}</UniqueIdentifier>
    </Filter>
    <Filter Include="Manager\TimeManager">
      <UniqueIdentifier>{00700c28-7318-43e8-86e6-b475ab81aa42}</UniqueIdentifier>
    </Filter>
    <Filter Include="Manager\CollisionManager">
      <UniqueIdentifier>{3405b47f-6ed7-4f3a-8bf7-4e8d356a2226}</UniqueIdentifier>
    </Filter>
    <Filter Include="Json">
      <UniqueIdentifier>{9d8f479c-a500-45c9-9e55-eda855921d6e}</UniqueIdentifier>
    </Filter>
    <Filter Include="Component\Default">
      <UniqueIdentifier>{178ba916-a5e5-4f39-8bf6-8ee57a9a1098}</UniqueIdentifier>
    </Filter>
    <Filter Include="Component\Default\RigidBody">
      <UniqueIdentifier>{3109bb1b-d4e5-4e54-8488-77b0c83fbacd}</UniqueIdentifier>
    </Filter>
    <Filter Include="Component\Default\Collider">
      <UniqueIdentifier>{37ddfb3f-1071-45b8-9018-8d9d8ee5ca11}</UniqueIdentifier>
    </Filter>
    <Filter Include="Component\Default\Collider\Interface">
      <UniqueIdentifier>{d79bfbcb-5d5b-4ae2-8b84-5372cc13c636}</UniqueIdentifier>
    </Filter>
    <Filter Include="Component\Default\Sprite">
      <UniqueIdentifier>{6d2d22d1-cc67-4541-b86f-bf055e544dcd}</UniqueIdentifier>
    </Filter>
    <Filter Include="Component\Default\Transform">
      <UniqueIdentifier>{34bc6b4c-1cf7-4995-8ea4-5d5963baba31}</UniqueIdentifier>
    </Filter>
    <Filter Include="Component\Custom">
      <UniqueIdentifier>{c4edf3c8-98ad-450c-9e6c-1b55410ca9d8}</UniqueIdentifier>
    </Filter>
    <Filter Include="Component\Custom\Player">
      <UniqueIdentifier>{aa6fc971-8e5d-4619-b07b-919a22e2f699}</UniqueIdentifier>
    </Filter>
    <Filter Include="ShaderFiles\2D">
      <UniqueIdentifier>{95d5f775-6c9f-4ee7-a501-1b4c183caa8a}</UniqueIdentifier>
    </Filter>
    <Filter Include="ShaderFiles\3D">
      <UniqueIdentifier>{a9e264ac-fc82-4de1-8974-71d59e9a11f3}</UniqueIdentifier>
    </Filter>
    <Filter Include="Json\Object_2D">
      <UniqueIdentifier>{5a48f277-50f0-4a77-9bb6-7c2a7bea2cbb}</UniqueIdentifier>
    </Filter>
    <Filter Include="Json\Object_3D">
      <UniqueIdentifier>{389fa36d-48d7-4539-a0ae-cb54fabaecf6}</UniqueIdentifier>
    </Filter>
    <Filter Include="IMGUI\Gizmo">
      <UniqueIdentifier>{b4606360-0e3f-4332-a3f8-348c1bb0470c}</UniqueIdentifier>
    </Filter>
    <Filter Include="Camera">
      <UniqueIdentifier>{ce5d65a4-0f20-4e8a-a6d3-fced627c7be3}</UniqueIdentifier>
    </Filter>
    <Filter Include="Graphics\FrameBuffer">
      <UniqueIdentifier>{d2c34801-789f-4308-9dfc-59fb4a04e979}</UniqueIdentifier>
    </Filter>
    <Filter Include="Manager\MemoryPoolManager">
      <UniqueIdentifier>{2daa8bc6-6628-4717-aaea-e927d5290062}</UniqueIdentifier>
    </Filter>
    <Filter Include="Factory">
      <UniqueIdentifier>{ca68a4fb-1e8a-4fa1-9859-1cfc22470af6}</UniqueIdentifier>
    </Filter>
    <Filter Include="Factory\BulletFactory">
      <UniqueIdentifier>{937c57b5-3eb8-4019-8401-518a0df97147}</UniqueIdentifier>
    </Filter>
    <Filter Include="Manager\FactoryManager">
      <UniqueIdentifier>{785c33ee-c986-4e10-909f-e47552b02d8c}</UniqueIdentifier>
    </Filter>
    <Filter Include="ObjectPool">
      <UniqueIdentifier>{d93f0bcb-e266-4bec-96fe-af90acc6188d}</UniqueIdentifier>
    </Filter>
    <Filter Include="Component\Custom\Monster">
      <UniqueIdentifier>{6603f99e-feea-4413-a072-bc794d585fde}</UniqueIdentifier>
    </Filter>
    <Filter Include="Component\Custom\AI">
      <UniqueIdentifier>{7053d56b-9366-4664-9262-a2ba45573ab7}</UniqueIdentifier>
    </Filter>
    <Filter Include="Manager\EventManager">
      <UniqueIdentifier>{56e832d1-3b7e-4844-8854-f97a4f9cb937}</UniqueIdentifier>
    </Filter>
    <Filter Include="Component\Custom\Bullet">
      <UniqueIdentifier>{8dfff092-d20b-43df-882e-efee9766c799}</UniqueIdentifier>
    </Filter>
    <Filter Include="Component\Custom\Bullet\Player">
      <UniqueIdentifier>{565aa095-c49b-4d16-ab7d-9eea451da0cd}</UniqueIdentifier>
    </Filter>
    <Filter Include="Component\Custom\Bullet\Player\Pistol">
      <UniqueIdentifier>{537dd74e-bbc3-49b2-88f4-c5432173d645}</UniqueIdentifier>
    </Filter>
    <Filter Include="Component\Custom\Bullet\Monster">
      <UniqueIdentifier>{d4ab23bf-810e-4fe9-8e9a-61fdf1de5204}</UniqueIdentifier>
    </Filter>
    <Filter Include="FiniteStateMachine">
      <UniqueIdentifier>{291109b3-df4d-49c7-a6ea-5389b3053548}</UniqueIdentifier>
    </Filter>
    <Filter Include="FiniteStateMachine\Idle">
      <UniqueIdentifier>{99415940-9c29-46f9-adc4-f1045a6d8a59}</UniqueIdentifier>
    </Filter>
    <Filter Include="FiniteStateMachine\Trace">
      <UniqueIdentifier>{009cb4ff-1a27-40fd-836c-9398d79aae5c}</UniqueIdentifier>
    </Filter>
    <Filter Include="FiniteStateMachine\Patrol">
      <UniqueIdentifier>{d547c685-3a08-44ed-806a-e6be1495e67b}</UniqueIdentifier>
    </Filter>
    <Filter Include="FiniteStateMachine\Melee">
      <UniqueIdentifier>{c696bffb-63b1-43cc-8356-2890de5c95d8}</UniqueIdentifier>
    </Filter>
    <Filter Include="FiniteStateMachine\Ranged">
      <UniqueIdentifier>{4469d03d-80bc-43d1-8cbf-e863554e6795}</UniqueIdentifier>
    </Filter>
    <Filter Include="Component\Custom\Monster\Soldier">
      <UniqueIdentifier>{d8a4c8bc-d7d9-4636-abc6-ae63eba4a969}</UniqueIdentifier>
    </Filter>
    <Filter Include="Component\Custom\Monster\Soldier\State">
      <UniqueIdentifier>{af4db368-554a-4585-9ebe-066529926f9e}</UniqueIdentifier>
    </Filter>
    <Filter Include="Component\Custom\Monster\Soldier\State\IDLE">
      <UniqueIdentifier>{e5825eda-b2ea-4b29-8e23-4331810def86}</UniqueIdentifier>
    </Filter>
    <Filter Include="Component\Custom\Monster\Soldier\State\RANGED">
      <UniqueIdentifier>{cf4f7bfe-bc10-4ceb-9b88-6872f7fd5908}</UniqueIdentifier>
    </Filter>
    <Filter Include="Component\Custom\Monster\Soldier\State\MELEE">
      <UniqueIdentifier>{0e832c55-419c-436d-b4c4-08b73eb8930d}</UniqueIdentifier>
    </Filter>
    <Filter Include="Component\Custom\Melee">
      <UniqueIdentifier>{010fe2ac-4568-4ae6-ab5f-d108de9a20f2}</UniqueIdentifier>
    </Filter>
    <Filter Include="Factory\HitBoxFactory">
      <UniqueIdentifier>{2d1e86f8-a415-4cc7-89c2-04a105dbfd64}</UniqueIdentifier>
    </Filter>
    <Filter Include="Component\Custom\Melee\Monster">
      <UniqueIdentifier>{ce0b76be-3460-47a9-a57b-ec933de403cb}</UniqueIdentifier>
    </Filter>
    <Filter Include="Component\Custom\Melee\Player">
      <UniqueIdentifier>{d0247e73-ae41-4d17-8b96-542af5e0122a}</UniqueIdentifier>
    </Filter>
    <Filter Include="Component\Custom\Melee\Monster\SoldierMelee">
      <UniqueIdentifier>{06281e8e-a4ac-495a-be73-af6843ed835e}</UniqueIdentifier>
    </Filter>
    <Filter Include="Component\Custom\Bullet\Monster\SoldierGrenade">
      <UniqueIdentifier>{ca189c89-96ba-41ae-a056-3503368717f7}</UniqueIdentifier>
    </Filter>
    <Filter Include="Component\Custom\Monster\Soldier\State\PATROL">
      <UniqueIdentifier>{66f75b8c-d5f0-4c9b-a4a2-0660d4bc36a1}</UniqueIdentifier>
    </Filter>
    <Filter Include="Resource">
      <UniqueIdentifier>{2ed29f3f-69b5-4323-a4ab-9fe66e99bb4b}</UniqueIdentifier>
    </Filter>
    <Filter Include="Manager\ResourceManager">
      <UniqueIdentifier>{bbb484cf-60e9-40fa-8d03-7ec804aab61e}</UniqueIdentifier>
    </Filter>
    <Filter Include="Resource\Texture">
      <UniqueIdentifier>{e0e23275-9019-4102-b5df-daf8d6a52ea4}</UniqueIdentifier>
    </Filter>
    <Filter Include="Graphics\Mesh">
      <UniqueIdentifier>{e318628e-416b-45e0-88fd-c859e6acda57}</UniqueIdentifier>
    </Filter>
    <Filter Include="Graphics\Materials">
      <UniqueIdentifier>{a9829d66-ce17-49bb-b644-ee726438d554}</UniqueIdentifier>
    </Filter>
  </ItemGroup>
  <ItemGroup>
    <ClCompile Include="Main.cpp">
      <Filter>Main</Filter>
    </ClCompile>
    <ClCompile Include="Application.cpp">
      <Filter>Core\Application</Filter>
    </ClCompile>
    <ClCompile Include="Window.cpp">
      <Filter>Core\Windows</Filter>
    </ClCompile>
    <ClCompile Include="InputManager.cpp">
      <Filter>Manager\InputManager</Filter>
    </ClCompile>
    <ClCompile Include="Shader.cpp">
      <Filter>Graphics\Shader</Filter>
    </ClCompile>
    <ClCompile Include="Model.cpp">
      <Filter>Graphics\Model</Filter>
    </ClCompile>
    <ClCompile Include="ModelManager.cpp">
      <Filter>Manager\ModelManager</Filter>
    </ClCompile>
    <ClCompile Include="RenderManager.cpp">
      <Filter>Manager\RenderManager</Filter>
    </ClCompile>
    <ClCompile Include="GameObjectManager.cpp">
      <Filter>Manager\GameObjectManger</Filter>
    </ClCompile>
    <ClCompile Include="GameObject.cpp">
      <Filter>GameObject</Filter>
    </ClCompile>
    <ClCompile Include="BaseComponent.cpp">
      <Filter>Component</Filter>
    </ClCompile>
    <ClCompile Include="ComponentManager.cpp">
      <Filter>Manager\ComponentManager</Filter>
    </ClCompile>
    <ClCompile Include="Transform.cpp">
      <Filter>Component\Default\Transform</Filter>
    </ClCompile>
    <ClCompile Include="GameStateManager.cpp">
      <Filter>Manager\GameStateManager</Filter>
    </ClCompile>
    <ClCompile Include="BaseLevel.cpp">
      <Filter>Level</Filter>
    </ClCompile>
    <ClCompile Include="Stage01.cpp">
      <Filter>Level\Stage01</Filter>
    </ClCompile>
    <ClCompile Include="BaseRTTI.cpp">
      <Filter>RTTI</Filter>
    </ClCompile>
    <ClCompile Include="Registry.cpp">
      <Filter>RTTI\Registry</Filter>
    </ClCompile>
    <ClCompile Include="Serializer.cpp">
      <Filter>Manager\Serializer</Filter>
    </ClCompile>
    <ClCompile Include="Sprite.cpp">
      <Filter>Component\Default\Sprite</Filter>
    </ClCompile>
    <ClCompile Include="IMGUI\imgui.cpp">
      <Filter>IMGUI</Filter>
    </ClCompile>
    <ClCompile Include="IMGUI\imgui_demo.cpp">
      <Filter>IMGUI</Filter>
    </ClCompile>
    <ClCompile Include="IMGUI\imgui_draw.cpp">
      <Filter>IMGUI</Filter>
    </ClCompile>
    <ClCompile Include="IMGUI\imgui_impl_glfw.cpp">
      <Filter>IMGUI</Filter>
    </ClCompile>
    <ClCompile Include="IMGUI\imgui_impl_opengl3.cpp">
      <Filter>IMGUI</Filter>
    </ClCompile>
    <ClCompile Include="IMGUI\imgui_stdlib.cpp">
      <Filter>IMGUI</Filter>
    </ClCompile>
    <ClCompile Include="IMGUI\imgui_tables.cpp">
      <Filter>IMGUI</Filter>
    </ClCompile>
    <ClCompile Include="IMGUI\imgui_widgets.cpp">
      <Filter>IMGUI</Filter>
    </ClCompile>
    <ClCompile Include="MainEditor.cpp">
      <Filter>Editor\MainEditor</Filter>
    </ClCompile>
    <ClCompile Include="GeometryUtill.cpp">
      <Filter>Util\GeometryUtil</Filter>
    </ClCompile>
    <ClCompile Include="MathUtil.cpp">
      <Filter>Util\MathUtil</Filter>
    </ClCompile>
    <ClCompile Include="GizmoManager.cpp">
      <Filter>Editor\Gizmo</Filter>
    </ClCompile>
    <ClCompile Include="Player.cpp">
      <Filter>Component\Custom\Player</Filter>
    </ClCompile>
    <ClCompile Include="RigidBody.cpp">
      <Filter>Component\Default\RigidBody</Filter>
    </ClCompile>
    <ClCompile Include="TimeManager.cpp">
      <Filter>Manager\TimeManager</Filter>
    </ClCompile>
    <ClCompile Include="Collider.cpp">
      <Filter>Component\Default\Collider</Filter>
    </ClCompile>
    <ClCompile Include="CollisionManager.cpp">
      <Filter>Manager\CollisionManager</Filter>
    </ClCompile>
    <ClCompile Include="ICollisionHandler.cpp">
      <Filter>Component\Default\Collider\Interface</Filter>
    </ClCompile>
    <ClCompile Include="MonoBehaviour.cpp">
      <Filter>Component\Default</Filter>
    </ClCompile>
    <ClCompile Include="Camera.cpp">
      <Filter>Camera</Filter>
    </ClCompile>
    <ClCompile Include="IMGUIZMO\GraphEditor.cpp">
      <Filter>IMGUI\Gizmo</Filter>
    </ClCompile>
    <ClCompile Include="IMGUIZMO\ImCurveEdit.cpp">
      <Filter>IMGUI\Gizmo</Filter>
    </ClCompile>
    <ClCompile Include="IMGUIZMO\ImGradient.cpp">
      <Filter>IMGUI\Gizmo</Filter>
    </ClCompile>
    <ClCompile Include="IMGUIZMO\ImGuizmo.cpp">
      <Filter>IMGUI\Gizmo</Filter>
    </ClCompile>
    <ClCompile Include="IMGUIZMO\ImSequencer.cpp">
      <Filter>IMGUI\Gizmo</Filter>
    </ClCompile>
    <ClCompile Include="FrameBuffer.cpp">
      <Filter>Graphics\FrameBuffer</Filter>
    </ClCompile>
    <ClCompile Include="BulletFactory.cpp">
      <Filter>Factory\BulletFactory</Filter>
    </ClCompile>
    <ClCompile Include="Bullet.cpp">
      <Filter>Component\Custom\Bullet</Filter>
    </ClCompile>
    <ClCompile Include="FactoryManager.cpp">
      <Filter>Manager\FactoryManager</Filter>
    </ClCompile>
    <ClCompile Include="ObjectPoolManager.cpp">
      <Filter>Manager\MemoryPoolManager</Filter>
    </ClCompile>
    <ClCompile Include="BaseFactory.cpp">
      <Filter>Factory</Filter>
    </ClCompile>
    <ClCompile Include="Monster.cpp">
      <Filter>Component\Custom\Monster</Filter>
    </ClCompile>
    <ClCompile Include="AI.cpp">
      <Filter>Component\Custom\AI</Filter>
    </ClCompile>
    <ClCompile Include="BaseState.cpp">
      <Filter>FiniteStateMachine</Filter>
    </ClCompile>
    <ClCompile Include="IdleState.cpp">
      <Filter>FiniteStateMachine\Idle</Filter>
    </ClCompile>
    <ClCompile Include="TraceState.cpp">
      <Filter>FiniteStateMachine\Trace</Filter>
    </ClCompile>
    <ClCompile Include="RangedState.cpp">
      <Filter>FiniteStateMachine\Ranged</Filter>
    </ClCompile>
    <ClCompile Include="MeleeState.cpp">
      <Filter>FiniteStateMachine\Melee</Filter>
    </ClCompile>
    <ClCompile Include="SoldierGrenade.cpp">
      <Filter>Component\Custom\Bullet\Monster\SoldierGrenade</Filter>
    </ClCompile>
    <ClCompile Include="EventManager.cpp">
      <Filter>Manager\EventManager</Filter>
    </ClCompile>
    <ClCompile Include="Pistol.cpp">
      <Filter>Component\Custom\Bullet\Player\Pistol</Filter>
    </ClCompile>
    <ClCompile Include="IDLE_SoliderMonster.cpp">
      <Filter>Component\Custom\Monster\Soldier\State\IDLE</Filter>
    </ClCompile>
    <ClCompile Include="SoldierMonster.cpp">
      <Filter>Component\Custom\Monster\Soldier</Filter>
    </ClCompile>
    <ClCompile Include="RANGED_SoliderMonster.cpp">
      <Filter>Component\Custom\Monster\Soldier\State\RANGED</Filter>
    </ClCompile>
    <ClCompile Include="MELEE_SoldierMonster.cpp">
      <Filter>Component\Custom\Monster\Soldier\State\MELEE</Filter>
    </ClCompile>
    <ClCompile Include="Melee.cpp">
      <Filter>Component\Custom\Melee</Filter>
    </ClCompile>
    <ClCompile Include="MeleeFactory.cpp">
      <Filter>Factory\HitBoxFactory</Filter>
    </ClCompile>
    <ClCompile Include="SoldierMelee.cpp">
      <Filter>Component\Custom\Melee\Monster\SoldierMelee</Filter>
    </ClCompile>
    <ClCompile Include="PatrolState.cpp">
      <Filter>FiniteStateMachine\Patrol</Filter>
    </ClCompile>
    <ClCompile Include="PATROL_SoliderMonster.cpp">
      <Filter>Component\Custom\Monster\Soldier\State\PATROL</Filter>
    </ClCompile>
    <ClCompile Include="Resource.cpp">
      <Filter>Resource</Filter>
    </ClCompile>
    <ClCompile Include="ResourceManager.cpp">
      <Filter>Manager\ResourceManager</Filter>
    </ClCompile>
    <ClCompile Include="TextureResource.cpp">
      <Filter>Resource\Texture</Filter>
    </ClCompile>
    <ClCompile Include="PlayerMelee.cpp">
      <Filter>Component\Custom\Melee\Player</Filter>
    </ClCompile>
    <ClCompile Include="Mesh.cpp">
      <Filter>Graphics\Mesh</Filter>
    </ClCompile>
  </ItemGroup>
  <ItemGroup>
    <ClInclude Include="Singleton.h">
      <Filter>Header</Filter>
    </ClInclude>
    <ClInclude Include="Application.h">
      <Filter>Core\Application</Filter>
    </ClInclude>
    <ClInclude Include="Window.h">
      <Filter>Core\Windows</Filter>
    </ClInclude>
    <ClInclude Include="InputManager.h">
      <Filter>Manager\InputManager</Filter>
    </ClInclude>
    <ClInclude Include="Shader.h">
      <Filter>Graphics\Shader</Filter>
    </ClInclude>
    <ClInclude Include="Model.h">
      <Filter>Graphics\Model</Filter>
    </ClInclude>
    <ClInclude Include="header.h">
      <Filter>Header</Filter>
    </ClInclude>
    <ClInclude Include="ModelManager.h">
      <Filter>Manager\ModelManager</Filter>
    </ClInclude>
    <ClInclude Include="RenderManager.h">
      <Filter>Manager\RenderManager</Filter>
    </ClInclude>
    <ClInclude Include="GameObjectManager.h">
      <Filter>Manager\GameObjectManger</Filter>
    </ClInclude>
    <ClInclude Include="GameObject.h">
      <Filter>GameObject</Filter>
    </ClInclude>
    <ClInclude Include="BaseComponent.h">
      <Filter>Component</Filter>
    </ClInclude>
    <ClInclude Include="ComponentManager.h">
      <Filter>Manager\ComponentManager</Filter>
    </ClInclude>
    <ClInclude Include="Transform.h">
      <Filter>Component\Default\Transform</Filter>
    </ClInclude>
    <ClInclude Include="GameStateManager.h">
      <Filter>Manager\GameStateManager</Filter>
    </ClInclude>
    <ClInclude Include="BaseLevel.h">
      <Filter>Level</Filter>
    </ClInclude>
    <ClInclude Include="Stage01.h">
      <Filter>Level\Stage01</Filter>
    </ClInclude>
    <ClInclude Include="BaseRTTI.h">
      <Filter>RTTI</Filter>
    </ClInclude>
    <ClInclude Include="Registry.h">
      <Filter>RTTI\Registry</Filter>
    </ClInclude>
    <ClInclude Include="Serializer.h">
      <Filter>Manager\Serializer</Filter>
    </ClInclude>
    <ClInclude Include="Sprite.h">
      <Filter>Component\Default\Sprite</Filter>
    </ClInclude>
    <ClInclude Include="IMGUI\imconfig.h">
      <Filter>IMGUI</Filter>
    </ClInclude>
    <ClInclude Include="IMGUI\imgui.h">
      <Filter>IMGUI</Filter>
    </ClInclude>
    <ClInclude Include="IMGUI\imgui_impl_glfw.h">
      <Filter>IMGUI</Filter>
    </ClInclude>
    <ClInclude Include="IMGUI\imgui_impl_opengl3.h">
      <Filter>IMGUI</Filter>
    </ClInclude>
    <ClInclude Include="IMGUI\imgui_impl_opengl3_loader.h">
      <Filter>IMGUI</Filter>
    </ClInclude>
    <ClInclude Include="IMGUI\imgui_internal.h">
      <Filter>IMGUI</Filter>
    </ClInclude>
    <ClInclude Include="IMGUI\imgui_stdlib.h">
      <Filter>IMGUI</Filter>
    </ClInclude>
    <ClInclude Include="IMGUI\imstb_rectpack.h">
      <Filter>IMGUI</Filter>
    </ClInclude>
    <ClInclude Include="IMGUI\imstb_textedit.h">
      <Filter>IMGUI</Filter>
    </ClInclude>
    <ClInclude Include="IMGUI\imstb_truetype.h">
      <Filter>IMGUI</Filter>
    </ClInclude>
    <ClInclude Include="MainEditor.h">
      <Filter>Editor\MainEditor</Filter>
    </ClInclude>
    <ClInclude Include="GeometryUtill.h">
      <Filter>Util\GeometryUtil</Filter>
    </ClInclude>
    <ClInclude Include="MathUtil.h">
      <Filter>Util\MathUtil</Filter>
    </ClInclude>
    <ClInclude Include="GizmoManager.h">
      <Filter>Editor\Gizmo</Filter>
    </ClInclude>
    <ClInclude Include="Player.h">
      <Filter>Component\Custom\Player</Filter>
    </ClInclude>
    <ClInclude Include="RigidBody.h">
      <Filter>Component\Default\RigidBody</Filter>
    </ClInclude>
    <ClInclude Include="TimeManager.h">
      <Filter>Manager\TimeManager</Filter>
    </ClInclude>
    <ClInclude Include="Collider.h">
      <Filter>Component\Default\Collider</Filter>
    </ClInclude>
    <ClInclude Include="CollisionManager.h">
      <Filter>Manager\CollisionManager</Filter>
    </ClInclude>
    <ClInclude Include="ICollisionHandler.h">
      <Filter>Component\Default\Collider\Interface</Filter>
    </ClInclude>
    <ClInclude Include="MonoBehaviour.h">
      <Filter>Component\Default</Filter>
    </ClInclude>
    <ClInclude Include="Camera.h">
      <Filter>Camera</Filter>
    </ClInclude>
    <ClInclude Include="IMGUIZMO\GraphEditor.h">
      <Filter>IMGUI\Gizmo</Filter>
    </ClInclude>
    <ClInclude Include="IMGUIZMO\ImCurveEdit.h">
      <Filter>IMGUI\Gizmo</Filter>
    </ClInclude>
    <ClInclude Include="IMGUIZMO\ImGradient.h">
      <Filter>IMGUI\Gizmo</Filter>
    </ClInclude>
    <ClInclude Include="IMGUIZMO\ImGuizmo.h">
      <Filter>IMGUI\Gizmo</Filter>
    </ClInclude>
    <ClInclude Include="IMGUIZMO\ImSequencer.h">
      <Filter>IMGUI\Gizmo</Filter>
    </ClInclude>
    <ClInclude Include="IMGUIZMO\ImZoomSlider.h">
      <Filter>IMGUI\Gizmo</Filter>
    </ClInclude>
    <ClInclude Include="FrameBuffer.h">
      <Filter>Graphics\FrameBuffer</Filter>
    </ClInclude>
    <ClInclude Include="Bullet.h">
      <Filter>Component\Custom\Bullet</Filter>
    </ClInclude>
    <ClInclude Include="FactoryManager.h">
      <Filter>Manager\FactoryManager</Filter>
    </ClInclude>
    <ClInclude Include="ObjectPoolManager.h">
      <Filter>Manager\MemoryPoolManager</Filter>
    </ClInclude>
    <ClInclude Include="BulletFactory.h">
      <Filter>Factory\BulletFactory</Filter>
    </ClInclude>
    <ClInclude Include="BaseFactory.h">
      <Filter>Factory</Filter>
    </ClInclude>
    <ClInclude Include="ObjectPool.h">
      <Filter>ObjectPool</Filter>
    </ClInclude>
    <ClInclude Include="Monster.h">
      <Filter>Component\Custom\Monster</Filter>
    </ClInclude>
    <ClInclude Include="AI.h">
      <Filter>Component\Custom\AI</Filter>
    </ClInclude>
    <ClInclude Include="BaseState.h">
      <Filter>FiniteStateMachine</Filter>
    </ClInclude>
    <ClInclude Include="IdleState.h">
      <Filter>FiniteStateMachine\Idle</Filter>
    </ClInclude>
    <ClInclude Include="TraceState.h">
      <Filter>FiniteStateMachine\Trace</Filter>
    </ClInclude>
    <ClInclude Include="RangedState.h">
      <Filter>FiniteStateMachine\Ranged</Filter>
    </ClInclude>
    <ClInclude Include="MeleeState.h">
      <Filter>FiniteStateMachine\Melee</Filter>
    </ClInclude>
    <ClInclude Include="SoldierGrenade.h">
      <Filter>Component\Custom\Bullet\Monster\SoldierGrenade</Filter>
    </ClInclude>
    <ClInclude Include="EventManager.h">
      <Filter>Manager\EventManager</Filter>
    </ClInclude>
    <ClInclude Include="Pistol.h">
      <Filter>Component\Custom\Bullet\Player\Pistol</Filter>
    </ClInclude>
    <ClInclude Include="SoldierMonster.h">
      <Filter>Component\Custom\Monster\Soldier</Filter>
    </ClInclude>
    <ClInclude Include="IRangedBehaviour.h">
      <Filter>FiniteStateMachine\Ranged</Filter>
    </ClInclude>
    <ClInclude Include="IMeleeBehaviour.h">
      <Filter>FiniteStateMachine\Melee</Filter>
    </ClInclude>
    <ClInclude Include="IIdleBehaviour.h">
      <Filter>FiniteStateMachine\Idle</Filter>
    </ClInclude>
    <ClInclude Include="ITraceBehaviour.h">
      <Filter>FiniteStateMachine\Trace</Filter>
    </ClInclude>
    <ClInclude Include="IDLE_SoliderMonster.h">
      <Filter>Component\Custom\Monster\Soldier\State\IDLE</Filter>
    </ClInclude>
    <ClInclude Include="RANGED_SoliderMonster.h">
      <Filter>Component\Custom\Monster\Soldier\State\RANGED</Filter>
    </ClInclude>
    <ClInclude Include="MELEE_SoldierMonster.h">
      <Filter>Component\Custom\Monster\Soldier\State\MELEE</Filter>
    </ClInclude>
    <ClInclude Include="Melee.h">
      <Filter>Component\Custom\Melee</Filter>
    </ClInclude>
    <ClInclude Include="MeleeFactory.h">
      <Filter>Factory\HitBoxFactory</Filter>
    </ClInclude>
    <ClInclude Include="SoldierMelee.h">
      <Filter>Component\Custom\Melee\Monster\SoldierMelee</Filter>
    </ClInclude>
    <ClInclude Include="PatrolState.h">
      <Filter>FiniteStateMachine\Patrol</Filter>
    </ClInclude>
    <ClInclude Include="IPatrolBehaviour.h">
      <Filter>FiniteStateMachine\Patrol</Filter>
    </ClInclude>
    <ClInclude Include="PATROL_SoliderMonster.h">
      <Filter>Component\Custom\Monster\Soldier\State\PATROL</Filter>
    </ClInclude>
    <ClInclude Include="Resource.h">
      <Filter>Resource</Filter>
    </ClInclude>
    <ClInclude Include="ResourceManager.h">
      <Filter>Manager\ResourceManager</Filter>
    </ClInclude>
    <ClInclude Include="TextureResource.h">
      <Filter>Resource\Texture</Filter>
    </ClInclude>
    <ClInclude Include="PlayerMelee.h">
      <Filter>Component\Custom\Melee\Player</Filter>
    </ClInclude>
    <ClInclude Include="Mesh.h">
      <Filter>Graphics\Mesh</Filter>
    </ClInclude>
  </ItemGroup>
  <ItemGroup>
    <None Include="IMGUI\imgui.ini">
      <Filter>IMGUI</Filter>
    </None>
    <None Include="vertex.vert">
      <Filter>ShaderFiles\2D</Filter>
    </None>
    <None Include="fragment.frag">
      <Filter>ShaderFiles\2D</Filter>
    </None>
    <None Include="vertex3d.vert">
      <Filter>ShaderFiles\3D</Filter>
    </None>
    <None Include="fragment3d.frag">
      <Filter>ShaderFiles\3D</Filter>
    </None>
    <None Include="json\temp\temp.json">
      <Filter>Json\Object_2D</Filter>
    </None>
    <None Include="json\temp\temp_3D.json">
      <Filter>Json\Object_3D</Filter>
    </None>
  </ItemGroup>
</Project>